// !$*UTF8*$!
{
	archiveVersion = 1;
	classes = {
	};
	objectVersion = 50;
	objects = {

/* Begin PBXBuildFile section */
		106E529A248EF346002B4E5B /* AppDelegate.swift in Sources */ = {isa = PBXBuildFile; fileRef = 106E5299248EF346002B4E5B /* AppDelegate.swift */; };
		106E529C248EF346002B4E5B /* GameScene.sks in Resources */ = {isa = PBXBuildFile; fileRef = 106E529B248EF346002B4E5B /* GameScene.sks */; };
		106E529E248EF346002B4E5B /* Actions.sks in Resources */ = {isa = PBXBuildFile; fileRef = 106E529D248EF346002B4E5B /* Actions.sks */; };
		106E52A0248EF346002B4E5B /* GameScene.swift in Sources */ = {isa = PBXBuildFile; fileRef = 106E529F248EF346002B4E5B /* GameScene.swift */; };
		106E52A2248EF346002B4E5B /* GameViewController.swift in Sources */ = {isa = PBXBuildFile; fileRef = 106E52A1248EF346002B4E5B /* GameViewController.swift */; };
		106E52A5248EF346002B4E5B /* Main.storyboard in Resources */ = {isa = PBXBuildFile; fileRef = 106E52A3248EF346002B4E5B /* Main.storyboard */; };
		106E52A7248EF348002B4E5B /* Assets.xcassets in Resources */ = {isa = PBXBuildFile; fileRef = 106E52A6248EF348002B4E5B /* Assets.xcassets */; };
		106E52AA248EF348002B4E5B /* LaunchScreen.storyboard in Resources */ = {isa = PBXBuildFile; fileRef = 106E52A8248EF348002B4E5B /* LaunchScreen.storyboard */; };
		10B880812493EACA00D422E3 /* ZombieMovePractice.swift in Sources */ = {isa = PBXBuildFile; fileRef = 10B880802493EACA00D422E3 /* ZombieMovePractice.swift */; };
		10EA08A32491F3B100C9FE47 /* MathUtils.swift in Sources */ = {isa = PBXBuildFile; fileRef = 10EA08A22491F3B100C9FE47 /* MathUtils.swift */; };
/* End PBXBuildFile section */

/* Begin PBXFileReference section */
		106E5296248EF346002B4E5B /* ZombieGame.app */ = {isa = PBXFileReference; explicitFileType = wrapper.application; includeInIndex = 0; path = ZombieGame.app; sourceTree = BUILT_PRODUCTS_DIR; };
		106E5299248EF346002B4E5B /* AppDelegate.swift */ = {isa = PBXFileReference; lastKnownFileType = sourcecode.swift; path = AppDelegate.swift; sourceTree = "<group>"; };
		106E529B248EF346002B4E5B /* GameScene.sks */ = {isa = PBXFileReference; lastKnownFileType = file.sks; path = GameScene.sks; sourceTree = "<group>"; };
		106E529D248EF346002B4E5B /* Actions.sks */ = {isa = PBXFileReference; lastKnownFileType = file.sks; path = Actions.sks; sourceTree = "<group>"; };
		106E529F248EF346002B4E5B /* GameScene.swift */ = {isa = PBXFileReference; lastKnownFileType = sourcecode.swift; path = GameScene.swift; sourceTree = "<group>"; };
		106E52A1248EF346002B4E5B /* GameViewController.swift */ = {isa = PBXFileReference; lastKnownFileType = sourcecode.swift; path = GameViewController.swift; sourceTree = "<group>"; };
		106E52A4248EF346002B4E5B /* Base */ = {isa = PBXFileReference; lastKnownFileType = file.storyboard; name = Base; path = Base.lproj/Main.storyboard; sourceTree = "<group>"; };
		106E52A6248EF348002B4E5B /* Assets.xcassets */ = {isa = PBXFileReference; lastKnownFileType = folder.assetcatalog; path = Assets.xcassets; sourceTree = "<group>"; };
		106E52A9248EF348002B4E5B /* Base */ = {isa = PBXFileReference; lastKnownFileType = file.storyboard; name = Base; path = Base.lproj/LaunchScreen.storyboard; sourceTree = "<group>"; };
		106E52AB248EF348002B4E5B /* Info.plist */ = {isa = PBXFileReference; lastKnownFileType = text.plist.xml; path = Info.plist; sourceTree = "<group>"; };
		10B880802493EACA00D422E3 /* ZombieMovePractice.swift */ = {isa = PBXFileReference; lastKnownFileType = sourcecode.swift; path = ZombieMovePractice.swift; sourceTree = "<group>"; };
		10EA08A22491F3B100C9FE47 /* MathUtils.swift */ = {isa = PBXFileReference; lastKnownFileType = sourcecode.swift; path = MathUtils.swift; sourceTree = "<group>"; };
/* End PBXFileReference section */

/* Begin PBXFrameworksBuildPhase section */
		106E5293248EF346002B4E5B /* Frameworks */ = {
			isa = PBXFrameworksBuildPhase;
			buildActionMask = 2147483647;
			files = (
			);
			runOnlyForDeploymentPostprocessing = 0;
		};
/* End PBXFrameworksBuildPhase section */

/* Begin PBXGroup section */
		106E528D248EF346002B4E5B = {
			isa = PBXGroup;
			children = (
				106E5298248EF346002B4E5B /* ZombieGame */,
				106E5297248EF346002B4E5B /* Products */,
			);
			sourceTree = "<group>";
		};
		106E5297248EF346002B4E5B /* Products */ = {
			isa = PBXGroup;
			children = (
				106E5296248EF346002B4E5B /* ZombieGame.app */,
			);
			name = Products;
			sourceTree = "<group>";
		};
		106E5298248EF346002B4E5B /* ZombieGame */ = {
			isa = PBXGroup;
			children = (
				106E5299248EF346002B4E5B /* AppDelegate.swift */,
				106E529B248EF346002B4E5B /* GameScene.sks */,
				106E529D248EF346002B4E5B /* Actions.sks */,
				106E529F248EF346002B4E5B /* GameScene.swift */,
				106E52A1248EF346002B4E5B /* GameViewController.swift */,
				106E52A3248EF346002B4E5B /* Main.storyboard */,
				106E52A6248EF348002B4E5B /* Assets.xcassets */,
				106E52A8248EF348002B4E5B /* LaunchScreen.storyboard */,
				106E52AB248EF348002B4E5B /* Info.plist */,
				10EA08A22491F3B100C9FE47 /* MathUtils.swift */,
				10B880802493EACA00D422E3 /* ZombieMovePractice.swift */,
			);
			path = ZombieGame;
			sourceTree = "<group>";
		};
/* End PBXGroup section */

/* Begin PBXNativeTarget section */
		106E5295248EF346002B4E5B /* ZombieGame */ = {
			isa = PBXNativeTarget;
			buildConfigurationList = 106E52AE248EF348002B4E5B /* Build configuration list for PBXNativeTarget "ZombieGame" */;
			buildPhases = (
				106E5292248EF346002B4E5B /* Sources */,
				106E5293248EF346002B4E5B /* Frameworks */,
				106E5294248EF346002B4E5B /* Resources */,
			);
			buildRules = (
			);
			dependencies = (
			);
			name = ZombieGame;
			productName = ZombieGame;
			productReference = 106E5296248EF346002B4E5B /* ZombieGame.app */;
			productType = "com.apple.product-type.application";
		};
/* End PBXNativeTarget section */

/* Begin PBXProject section */
		106E528E248EF346002B4E5B /* Project object */ = {
			isa = PBXProject;
			attributes = {
				LastSwiftUpdateCheck = 1150;
				LastUpgradeCheck = 1150;
				ORGANIZATIONNAME = VipulGarg;
				TargetAttributes = {
					106E5295248EF346002B4E5B = {
						CreatedOnToolsVersion = 11.5;
					};
				};
			};
			buildConfigurationList = 106E5291248EF346002B4E5B /* Build configuration list for PBXProject "ZombieGame" */;
			compatibilityVersion = "Xcode 9.3";
			developmentRegion = en;
			hasScannedForEncodings = 0;
			knownRegions = (
				en,
				Base,
			);
			mainGroup = 106E528D248EF346002B4E5B;
			productRefGroup = 106E5297248EF346002B4E5B /* Products */;
			projectDirPath = "";
			projectRoot = "";
			targets = (
				106E5295248EF346002B4E5B /* ZombieGame */,
			);
		};
/* End PBXProject section */

/* Begin PBXResourcesBuildPhase section */
		106E5294248EF346002B4E5B /* Resources */ = {
			isa = PBXResourcesBuildPhase;
			buildActionMask = 2147483647;
			files = (
				106E52A5248EF346002B4E5B /* Main.storyboard in Resources */,
				106E529C248EF346002B4E5B /* GameScene.sks in Resources */,
				106E52A7248EF348002B4E5B /* Assets.xcassets in Resources */,
				106E52AA248EF348002B4E5B /* LaunchScreen.storyboard in Resources */,
				106E529E248EF346002B4E5B /* Actions.sks in Resources */,
			);
			runOnlyForDeploymentPostprocessing = 0;
		};
/* End PBXResourcesBuildPhase section */

/* Begin PBXSourcesBuildPhase section */
		106E5292248EF346002B4E5B /* Sources */ = {
			isa = PBXSourcesBuildPhase;
			buildActionMask = 2147483647;
			files = (
				106E52A0248EF346002B4E5B /* GameScene.swift in Sources */,
				10EA08A32491F3B100C9FE47 /* MathUtils.swift in Sources */,
				10B880812493EACA00D422E3 /* ZombieMovePractice.swift in Sources */,
				106E52A2248EF346002B4E5B /* GameViewController.swift in Sources */,
				106E529A248EF346002B4E5B /* AppDelegate.swift in Sources */,
			);
			runOnlyForDeploymentPostprocessing = 0;
		};
/* End PBXSourcesBuildPhase section */

/* Begin PBXVariantGroup section */
		106E52A3248EF346002B4E5B /* Main.storyboard */ = {
			isa = PBXVariantGroup;
			children = (
				106E52A4248EF346002B4E5B /* Base */,
			);
			name = Main.storyboard;
			sourceTree = "<group>";
		};
		106E52A8248EF348002B4E5B /* LaunchScreen.storyboard */ = {
			isa = PBXVariantGroup;
			children = (
				106E52A9248EF348002B4E5B /* Base */,
			);
			name = LaunchScreen.storyboard;
			sourceTree = "<group>";
		};
/* End PBXVariantGroup section */

/* Begin XCBuildConfiguration section */
		106E52AC248EF348002B4E5B /* Debug */ = {
			isa = XCBuildConfiguration;
			buildSettings = {
				ALWAYS_SEARCH_USER_PATHS = NO;
				CLANG_ANALYZER_NONNULL = YES;
				CLANG_ANALYZER_NUMBER_OBJECT_CONVERSION = YES_AGGRESSIVE;
				CLANG_CXX_LANGUAGE_STANDARD = "gnu++14";
				CLANG_CXX_LIBRARY = "libc++";
				CLANG_ENABLE_MODULES = YES;
				CLANG_ENABLE_OBJC_ARC = YES;
				CLANG_ENABLE_OBJC_WEAK = YES;
				CLANG_WARN_BLOCK_CAPTURE_AUTORELEASING = YES;
				CLANG_WARN_BOOL_CONVERSION = YES;
				CLANG_WARN_COMMA = YES;
				CLANG_WARN_CONSTANT_CONVERSION = YES;
				CLANG_WARN_DEPRECATED_OBJC_IMPLEMENTATIONS = YES;
				CLANG_WARN_DIRECT_OBJC_ISA_USAGE = YES_ERROR;
				CLANG_WARN_DOCUMENTATION_COMMENTS = YES;
				CLANG_WARN_EMPTY_BODY = YES;
				CLANG_WARN_ENUM_CONVERSION = YES;
				CLANG_WARN_INFINITE_RECURSION = YES;
				CLANG_WARN_INT_CONVERSION = YES;
				CLANG_WARN_NON_LITERAL_NULL_CONVERSION = YES;
				CLANG_WARN_OBJC_IMPLICIT_RETAIN_SELF = YES;
				CLANG_WARN_OBJC_LITERAL_CONVERSION = YES;
				CLANG_WARN_OBJC_ROOT_CLASS = YES_ERROR;
				CLANG_WARN_RANGE_LOOP_ANALYSIS = YES;
				CLANG_WARN_STRICT_PROTOTYPES = YES;
				CLANG_WARN_SUSPICIOUS_MOVE = YES;
				CLANG_WARN_UNGUARDED_AVAILABILITY = YES_AGGRESSIVE;
				CLANG_WARN_UNREACHABLE_CODE = YES;
				CLANG_WARN__DUPLICATE_METHOD_MATCH = YES;
				COPY_PHASE_STRIP = NO;
				DEBUG_INFORMATION_FORMAT = dwarf;
				ENABLE_STRICT_OBJC_MSGSEND = YES;
				ENABLE_TESTABILITY = YES;
				GCC_C_LANGUAGE_STANDARD = gnu11;
				GCC_DYNAMIC_NO_PIC = NO;
				GCC_NO_COMMON_BLOCKS = YES;
				GCC_OPTIMIZATION_LEVEL = 0;
				GCC_PREPROCESSOR_DEFINITIONS = (
					"DEBUG=1",
					"$(inherited)",
				);
				GCC_WARN_64_TO_32_BIT_CONVERSION = YES;
				GCC_WARN_ABOUT_RETURN_TYPE = YES_ERROR;
				GCC_WARN_UNDECLARED_SELECTOR = YES;
				GCC_WARN_UNINITIALIZED_AUTOS = YES_AGGRESSIVE;
				GCC_WARN_UNUSED_FUNCTION = YES;
				GCC_WARN_UNUSED_VARIABLE = YES;
				IPHONEOS_DEPLOYMENT_TARGET = 13.5;
				MTL_ENABLE_DEBUG_INFO = INCLUDE_SOURCE;
				MTL_FAST_MATH = YES;
				ONLY_ACTIVE_ARCH = YES;
				SDKROOT = iphoneos;
				SWIFT_ACTIVE_COMPILATION_CONDITIONS = DEBUG;
				SWIFT_OPTIMIZATION_LEVEL = "-Onone";
			};
			name = Debug;
		};
		106E52AD248EF348002B4E5B /* Release */ = {
			isa = XCBuildConfiguration;
			buildSettings = {
				ALWAYS_SEARCH_USER_PATHS = NO;
				CLANG_ANALYZER_NONNULL = YES;
				CLANG_ANALYZER_NUMBER_OBJECT_CONVERSION = YES_AGGRESSIVE;
				CLANG_CXX_LANGUAGE_STANDARD = "gnu++14";
				CLANG_CXX_LIBRARY = "libc++";
				CLANG_ENABLE_MODULES = YES;
				CLANG_ENABLE_OBJC_ARC = YES;
				CLANG_ENABLE_OBJC_WEAK = YES;
				CLANG_WARN_BLOCK_CAPTURE_AUTORELEASING = YES;
				CLANG_WARN_BOOL_CONVERSION = YES;
				CLANG_WARN_COMMA = YES;
				CLANG_WARN_CONSTANT_CONVERSION = YES;
				CLANG_WARN_DEPRECATED_OBJC_IMPLEMENTATIONS = YES;
				CLANG_WARN_DIRECT_OBJC_ISA_USAGE = YES_ERROR;
				CLANG_WARN_DOCUMENTATION_COMMENTS = YES;
				CLANG_WARN_EMPTY_BODY = YES;
				CLANG_WARN_ENUM_CONVERSION = YES;
				CLANG_WARN_INFINITE_RECURSION = YES;
				CLANG_WARN_INT_CONVERSION = YES;
				CLANG_WARN_NON_LITERAL_NULL_CONVERSION = YES;
				CLANG_WARN_OBJC_IMPLICIT_RETAIN_SELF = YES;
				CLANG_WARN_OBJC_LITERAL_CONVERSION = YES;
				CLANG_WARN_OBJC_ROOT_CLASS = YES_ERROR;
				CLANG_WARN_RANGE_LOOP_ANALYSIS = YES;
				CLANG_WARN_STRICT_PROTOTYPES = YES;
				CLANG_WARN_SUSPICIOUS_MOVE = YES;
				CLANG_WARN_UNGUARDED_AVAILABILITY = YES_AGGRESSIVE;
				CLANG_WARN_UNREACHABLE_CODE = YES;
				CLANG_WARN__DUPLICATE_METHOD_MATCH = YES;
				COPY_PHASE_STRIP = NO;
				DEBUG_INFORMATION_FORMAT = "dwarf-with-dsym";
				ENABLE_NS_ASSERTIONS = NO;
				ENABLE_STRICT_OBJC_MSGSEND = YES;
				GCC_C_LANGUAGE_STANDARD = gnu11;
				GCC_NO_COMMON_BLOCKS = YES;
				GCC_WARN_64_TO_32_BIT_CONVERSION = YES;
				GCC_WARN_ABOUT_RETURN_TYPE = YES_ERROR;
				GCC_WARN_UNDECLARED_SELECTOR = YES;
				GCC_WARN_UNINITIALIZED_AUTOS = YES_AGGRESSIVE;
				GCC_WARN_UNUSED_FUNCTION = YES;
				GCC_WARN_UNUSED_VARIABLE = YES;
				IPHONEOS_DEPLOYMENT_TARGET = 13.5;
				MTL_ENABLE_DEBUG_INFO = NO;
				MTL_FAST_MATH = YES;
				SDKROOT = iphoneos;
				SWIFT_COMPILATION_MODE = wholemodule;
				SWIFT_OPTIMIZATION_LEVEL = "-O";
				VALIDATE_PRODUCT = YES;
			};
			name = Release;
		};
		106E52AF248EF348002B4E5B /* Debug */ = {
			isa = XCBuildConfiguration;
			buildSettings = {
				ASSETCATALOG_COMPILER_APPICON_NAME = AppIcon;
				CODE_SIGN_STYLE = Automatic;
				INFOPLIST_FILE = ZombieGame/Info.plist;
				LD_RUNPATH_SEARCH_PATHS = (
					"$(inherited)",
					"@executable_path/Frameworks",
				);
				PRODUCT_BUNDLE_IDENTIFIER = com.cipher.ZombieGame;
				PRODUCT_NAME = "$(TARGET_NAME)";
				SWIFT_VERSION = 5.0;
				TARGETED_DEVICE_FAMILY = "1,2";
			};
			name = Debug;
		};
		106E52B0248EF348002B4E5B /* Release */ = {
			isa = XCBuildConfiguration;
			buildSettings = {
				ASSETCATALOG_COMPILER_APPICON_NAME = AppIcon;
				CODE_SIGN_STYLE = Automatic;
				INFOPLIST_FILE = ZombieGame/Info.plist;
				LD_RUNPATH_SEARCH_PATHS = (
					"$(inherited)",
					"@executable_path/Frameworks",
				);
				PRODUCT_BUNDLE_IDENTIFIER = com.cipher.ZombieGame;
				PRODUCT_NAME = "$(TARGET_NAME)";
				SWIFT_VERSION = 5.0;
				TARGETED_DEVICE_FAMILY = "1,2";
			};
			name = Release;
		};
/* End XCBuildConfiguration section */

/* Begin XCConfigurationList section */
		106E5291248EF346002B4E5B /* Build configuration list for PBXProject "ZombieGame" */ = {
			isa = XCConfigurationList;
			buildConfigurations = (
				106E52AC248EF348002B4E5B /* Debug */,
				106E52AD248EF348002B4E5B /* Release */,
			);
			defaultConfigurationIsVisible = 0;
			defaultConfigurationName = Release;
		};
		106E52AE248EF348002B4E5B /* Build configuration list for PBXNativeTarget "ZombieGame" */ = {
			isa = XCConfigurationList;
			buildConfigurations = (
				106E52AF248EF348002B4E5B /* Debug */,
				106E52B0248EF348002B4E5B /* Release */,
			);
			defaultConfigurationIsVisible = 0;
			defaultConfigurationName = Release;
		};
/* End XCConfigurationList section */
	};
	rootObject = 106E528E248EF346002B4E5B /* Project object */;
}
